// !$*UTF8*$!
{
	archiveVersion = 1;
	classes = {
	};
	objectVersion = 50;
	objects = {

/* Begin PBXBuildFile section */
		08B03B7525384AC000A96DD0 /* WidgetAppApp.swift in Sources */ = {isa = PBXBuildFile; fileRef = 08B03B7425384AC000A96DD0 /* WidgetAppApp.swift */; };
		08B03B7725384AC000A96DD0 /* ContentView.swift in Sources */ = {isa = PBXBuildFile; fileRef = 08B03B7625384AC000A96DD0 /* ContentView.swift */; };
		08B03B7925384AC200A96DD0 /* Assets.xcassets in Resources */ = {isa = PBXBuildFile; fileRef = 08B03B7825384AC200A96DD0 /* Assets.xcassets */; };
		08B03B7C25384AC200A96DD0 /* Preview Assets.xcassets in Resources */ = {isa = PBXBuildFile; fileRef = 08B03B7B25384AC200A96DD0 /* Preview Assets.xcassets */; };
		08B03B8B25384C6B00A96DD0 /* WidgetKit.framework in Frameworks */ = {isa = PBXBuildFile; fileRef = 08B03B8A25384C6B00A96DD0 /* WidgetKit.framework */; };
		08B03B8D25384C6B00A96DD0 /* SwiftUI.framework in Frameworks */ = {isa = PBXBuildFile; fileRef = 08B03B8C25384C6B00A96DD0 /* SwiftUI.framework */; };
		08B03B9025384C6B00A96DD0 /* Static_Widget.swift in Sources */ = {isa = PBXBuildFile; fileRef = 08B03B8F25384C6B00A96DD0 /* Static_Widget.swift */; };
		08B03B9225384C6E00A96DD0 /* Assets.xcassets in Resources */ = {isa = PBXBuildFile; fileRef = 08B03B9125384C6E00A96DD0 /* Assets.xcassets */; };
		08B03B9625384C6E00A96DD0 /* Static WidgetExtension.appex in Embed App Extensions */ = {isa = PBXBuildFile; fileRef = 08B03B8825384C6B00A96DD0 /* Static WidgetExtension.appex */; settings = {ATTRIBUTES = (RemoveHeadersOnCopy, ); }; };
		08B721082547335100D8AC86 /* CityNamesIntent.intentdefinition in Sources */ = {isa = PBXBuildFile; fileRef = 08B721072547335100D8AC86 /* CityNamesIntent.intentdefinition */; };
		08B721092547335100D8AC86 /* CityNamesIntent.intentdefinition in Sources */ = {isa = PBXBuildFile; fileRef = 08B721072547335100D8AC86 /* CityNamesIntent.intentdefinition */; };
/* End PBXBuildFile section */

/* Begin PBXContainerItemProxy section */
		08B03B9425384C6E00A96DD0 /* PBXContainerItemProxy */ = {
			isa = PBXContainerItemProxy;
			containerPortal = 08B03B6925384AC000A96DD0 /* Project object */;
			proxyType = 1;
			remoteGlobalIDString = 08B03B8725384C6B00A96DD0;
			remoteInfo = "Static WidgetExtension";
		};
/* End PBXContainerItemProxy section */

/* Begin PBXCopyFilesBuildPhase section */
		08B03B9A25384C6E00A96DD0 /* Embed App Extensions */ = {
			isa = PBXCopyFilesBuildPhase;
			buildActionMask = 2147483647;
			dstPath = "";
			dstSubfolderSpec = 13;
			files = (
				08B03B9625384C6E00A96DD0 /* Static WidgetExtension.appex in Embed App Extensions */,
			);
			name = "Embed App Extensions";
			runOnlyForDeploymentPostprocessing = 0;
		};
/* End PBXCopyFilesBuildPhase section */

/* Begin PBXFileReference section */
		08B03B7125384AC000A96DD0 /* WidgetApp.app */ = {isa = PBXFileReference; explicitFileType = wrapper.application; includeInIndex = 0; path = WidgetApp.app; sourceTree = BUILT_PRODUCTS_DIR; };
		08B03B7425384AC000A96DD0 /* WidgetAppApp.swift */ = {isa = PBXFileReference; lastKnownFileType = sourcecode.swift; path = WidgetAppApp.swift; sourceTree = "<group>"; };
		08B03B7625384AC000A96DD0 /* ContentView.swift */ = {isa = PBXFileReference; lastKnownFileType = sourcecode.swift; path = ContentView.swift; sourceTree = "<group>"; };
		08B03B7825384AC200A96DD0 /* Assets.xcassets */ = {isa = PBXFileReference; lastKnownFileType = folder.assetcatalog; path = Assets.xcassets; sourceTree = "<group>"; };
		08B03B7B25384AC200A96DD0 /* Preview Assets.xcassets */ = {isa = PBXFileReference; lastKnownFileType = folder.assetcatalog; path = "Preview Assets.xcassets"; sourceTree = "<group>"; };
		08B03B7D25384AC200A96DD0 /* Info.plist */ = {isa = PBXFileReference; lastKnownFileType = text.plist.xml; path = Info.plist; sourceTree = "<group>"; };
		08B03B8825384C6B00A96DD0 /* Static WidgetExtension.appex */ = {isa = PBXFileReference; explicitFileType = "wrapper.app-extension"; includeInIndex = 0; path = "Static WidgetExtension.appex"; sourceTree = BUILT_PRODUCTS_DIR; };
		08B03B8A25384C6B00A96DD0 /* WidgetKit.framework */ = {isa = PBXFileReference; lastKnownFileType = wrapper.framework; name = WidgetKit.framework; path = System/Library/Frameworks/WidgetKit.framework; sourceTree = SDKROOT; };
		08B03B8C25384C6B00A96DD0 /* SwiftUI.framework */ = {isa = PBXFileReference; lastKnownFileType = wrapper.framework; name = SwiftUI.framework; path = System/Library/Frameworks/SwiftUI.framework; sourceTree = SDKROOT; };
		08B03B8F25384C6B00A96DD0 /* Static_Widget.swift */ = {isa = PBXFileReference; lastKnownFileType = sourcecode.swift; path = Static_Widget.swift; sourceTree = "<group>"; };
		08B03B9125384C6E00A96DD0 /* Assets.xcassets */ = {isa = PBXFileReference; lastKnownFileType = folder.assetcatalog; path = Assets.xcassets; sourceTree = "<group>"; };
		08B03B9325384C6E00A96DD0 /* Info.plist */ = {isa = PBXFileReference; lastKnownFileType = text.plist.xml; path = Info.plist; sourceTree = "<group>"; };
		08B721072547335100D8AC86 /* CityNamesIntent.intentdefinition */ = {isa = PBXFileReference; lastKnownFileType = file.intentdefinition; path = CityNamesIntent.intentdefinition; sourceTree = "<group>"; };
/* End PBXFileReference section */

/* Begin PBXFrameworksBuildPhase section */
		08B03B6E25384AC000A96DD0 /* Frameworks */ = {
			isa = PBXFrameworksBuildPhase;
			buildActionMask = 2147483647;
			files = (
			);
			runOnlyForDeploymentPostprocessing = 0;
		};
		08B03B8525384C6B00A96DD0 /* Frameworks */ = {
			isa = PBXFrameworksBuildPhase;
			buildActionMask = 2147483647;
			files = (
				08B03B8D25384C6B00A96DD0 /* SwiftUI.framework in Frameworks */,
				08B03B8B25384C6B00A96DD0 /* WidgetKit.framework in Frameworks */,
			);
			runOnlyForDeploymentPostprocessing = 0;
		};
/* End PBXFrameworksBuildPhase section */

/* Begin PBXGroup section */
		08B03B6825384AC000A96DD0 = {
			isa = PBXGroup;
			children = (
				08B03B7325384AC000A96DD0 /* WidgetApp */,
				08B03B8E25384C6B00A96DD0 /* Static Widget */,
				08B03B8925384C6B00A96DD0 /* Frameworks */,
				08B03B7225384AC000A96DD0 /* Products */,
			);
			sourceTree = "<group>";
		};
		08B03B7225384AC000A96DD0 /* Products */ = {
			isa = PBXGroup;
			children = (
				08B03B7125384AC000A96DD0 /* WidgetApp.app */,
				08B03B8825384C6B00A96DD0 /* Static WidgetExtension.appex */,
			);
			name = Products;
			sourceTree = "<group>";
		};
		08B03B7325384AC000A96DD0 /* WidgetApp */ = {
			isa = PBXGroup;
			children = (
				08B03B7425384AC000A96DD0 /* WidgetAppApp.swift */,
				08B03B7625384AC000A96DD0 /* ContentView.swift */,
				08B03B7825384AC200A96DD0 /* Assets.xcassets */,
				08B03B7D25384AC200A96DD0 /* Info.plist */,
				08B03B7A25384AC200A96DD0 /* Preview Content */,
			);
			path = WidgetApp;
			sourceTree = "<group>";
		};
		08B03B7A25384AC200A96DD0 /* Preview Content */ = {
			isa = PBXGroup;
			children = (
				08B03B7B25384AC200A96DD0 /* Preview Assets.xcassets */,
			);
			path = "Preview Content";
			sourceTree = "<group>";
		};
		08B03B8925384C6B00A96DD0 /* Frameworks */ = {
			isa = PBXGroup;
			children = (
				08B03B8A25384C6B00A96DD0 /* WidgetKit.framework */,
				08B03B8C25384C6B00A96DD0 /* SwiftUI.framework */,
			);
			name = Frameworks;
			sourceTree = "<group>";
		};
		08B03B8E25384C6B00A96DD0 /* Static Widget */ = {
			isa = PBXGroup;
			children = (
				08B03B8F25384C6B00A96DD0 /* Static_Widget.swift */,
				08B03B9125384C6E00A96DD0 /* Assets.xcassets */,
				08B03B9325384C6E00A96DD0 /* Info.plist */,
				08B721072547335100D8AC86 /* CityNamesIntent.intentdefinition */,
			);
			path = "Static Widget";
			sourceTree = "<group>";
		};
/* End PBXGroup section */

/* Begin PBXNativeTarget section */
		08B03B7025384AC000A96DD0 /* WidgetApp */ = {
			isa = PBXNativeTarget;
			buildConfigurationList = 08B03B8025384AC200A96DD0 /* Build configuration list for PBXNativeTarget "WidgetApp" */;
			buildPhases = (
				08B03B6D25384AC000A96DD0 /* Sources */,
				08B03B6E25384AC000A96DD0 /* Frameworks */,
				08B03B6F25384AC000A96DD0 /* Resources */,
				08B03B9A25384C6E00A96DD0 /* Embed App Extensions */,
			);
			buildRules = (
			);
			dependencies = (
				08B03B9525384C6E00A96DD0 /* PBXTargetDependency */,
			);
			name = WidgetApp;
			productName = WidgetApp;
			productReference = 08B03B7125384AC000A96DD0 /* WidgetApp.app */;
			productType = "com.apple.product-type.application";
		};
		08B03B8725384C6B00A96DD0 /* Static WidgetExtension */ = {
			isa = PBXNativeTarget;
			buildConfigurationList = 08B03B9725384C6E00A96DD0 /* Build configuration list for PBXNativeTarget "Static WidgetExtension" */;
			buildPhases = (
				08B03B8425384C6B00A96DD0 /* Sources */,
				08B03B8525384C6B00A96DD0 /* Frameworks */,
				08B03B8625384C6B00A96DD0 /* Resources */,
			);
			buildRules = (
			);
			dependencies = (
			);
			name = "Static WidgetExtension";
			productName = "Static WidgetExtension";
			productReference = 08B03B8825384C6B00A96DD0 /* Static WidgetExtension.appex */;
			productType = "com.apple.product-type.app-extension";
		};
/* End PBXNativeTarget section */

/* Begin PBXProject section */
		08B03B6925384AC000A96DD0 /* Project object */ = {
			isa = PBXProject;
			attributes = {
				LastSwiftUpdateCheck = 1200;
				LastUpgradeCheck = 1200;
				TargetAttributes = {
					08B03B7025384AC000A96DD0 = {
						CreatedOnToolsVersion = 12.0;
					};
					08B03B8725384C6B00A96DD0 = {
						CreatedOnToolsVersion = 12.0;
					};
				};
			};
			buildConfigurationList = 08B03B6C25384AC000A96DD0 /* Build configuration list for PBXProject "WidgetApp" */;
			compatibilityVersion = "Xcode 9.3";
			developmentRegion = en;
			hasScannedForEncodings = 0;
			knownRegions = (
				en,
				Base,
			);
			mainGroup = 08B03B6825384AC000A96DD0;
			productRefGroup = 08B03B7225384AC000A96DD0 /* Products */;
			projectDirPath = "";
			projectRoot = "";
			targets = (
				08B03B7025384AC000A96DD0 /* WidgetApp */,
				08B03B8725384C6B00A96DD0 /* Static WidgetExtension */,
			);
		};
/* End PBXProject section */

/* Begin PBXResourcesBuildPhase section */
		08B03B6F25384AC000A96DD0 /* Resources */ = {
			isa = PBXResourcesBuildPhase;
			buildActionMask = 2147483647;
			files = (
				08B03B7C25384AC200A96DD0 /* Preview Assets.xcassets in Resources */,
				08B03B7925384AC200A96DD0 /* Assets.xcassets in Resources */,
			);
			runOnlyForDeploymentPostprocessing = 0;
		};
		08B03B8625384C6B00A96DD0 /* Resources */ = {
			isa = PBXResourcesBuildPhase;
			buildActionMask = 2147483647;
			files = (
				08B03B9225384C6E00A96DD0 /* Assets.xcassets in Resources */,
			);
			runOnlyForDeploymentPostprocessing = 0;
		};
/* End PBXResourcesBuildPhase section */

/* Begin PBXSourcesBuildPhase section */
		08B03B6D25384AC000A96DD0 /* Sources */ = {
			isa = PBXSourcesBuildPhase;
			buildActionMask = 2147483647;
			files = (
				08B03B7725384AC000A96DD0 /* ContentView.swift in Sources */,
				08B721082547335100D8AC86 /* CityNamesIntent.intentdefinition in Sources */,
				08B03B7525384AC000A96DD0 /* WidgetAppApp.swift in Sources */,
			);
			runOnlyForDeploymentPostprocessing = 0;
		};
		08B03B8425384C6B00A96DD0 /* Sources */ = {
			isa = PBXSourcesBuildPhase;
			buildActionMask = 2147483647;
			files = (
				08B721092547335100D8AC86 /* CityNamesIntent.intentdefinition in Sources */,
				08B03B9025384C6B00A96DD0 /* Static_Widget.swift in Sources */,
			);
			runOnlyForDeploymentPostprocessing = 0;
		};
/* End PBXSourcesBuildPhase section */

/* Begin PBXTargetDependency section */
		08B03B9525384C6E00A96DD0 /* PBXTargetDependency */ = {
			isa = PBXTargetDependency;
			target = 08B03B8725384C6B00A96DD0 /* Static WidgetExtension */;
			targetProxy = 08B03B9425384C6E00A96DD0 /* PBXContainerItemProxy */;
		};
/* End PBXTargetDependency section */

/* Begin XCBuildConfiguration section */
		08B03B7E25384AC200A96DD0 /* Debug */ = {
			isa = XCBuildConfiguration;
			buildSettings = {
				ALWAYS_SEARCH_USER_PATHS = NO;
				CLANG_ANALYZER_NONNULL = YES;
				CLANG_ANALYZER_NUMBER_OBJECT_CONVERSION = YES_AGGRESSIVE;
				CLANG_CXX_LANGUAGE_STANDARD = "gnu++14";
				CLANG_CXX_LIBRARY = "libc++";
				CLANG_ENABLE_MODULES = YES;
				CLANG_ENABLE_OBJC_ARC = YES;
				CLANG_ENABLE_OBJC_WEAK = YES;
				CLANG_WARN_BLOCK_CAPTURE_AUTORELEASING = YES;
				CLANG_WARN_BOOL_CONVERSION = YES;
				CLANG_WARN_COMMA = YES;
				CLANG_WARN_CONSTANT_CONVERSION = YES;
				CLANG_WARN_DEPRECATED_OBJC_IMPLEMENTATIONS = YES;
				CLANG_WARN_DIRECT_OBJC_ISA_USAGE = YES_ERROR;
				CLANG_WARN_DOCUMENTATION_COMMENTS = YES;
				CLANG_WARN_EMPTY_BODY = YES;
				CLANG_WARN_ENUM_CONVERSION = YES;
				CLANG_WARN_INFINITE_RECURSION = YES;
				CLANG_WARN_INT_CONVERSION = YES;
				CLANG_WARN_NON_LITERAL_NULL_CONVERSION = YES;
				CLANG_WARN_OBJC_IMPLICIT_RETAIN_SELF = YES;
				CLANG_WARN_OBJC_LITERAL_CONVERSION = YES;
				CLANG_WARN_OBJC_ROOT_CLASS = YES_ERROR;
				CLANG_WARN_QUOTED_INCLUDE_IN_FRAMEWORK_HEADER = YES;
				CLANG_WARN_RANGE_LOOP_ANALYSIS = YES;
				CLANG_WARN_STRICT_PROTOTYPES = YES;
				CLANG_WARN_SUSPICIOUS_MOVE = YES;
				CLANG_WARN_UNGUARDED_AVAILABILITY = YES_AGGRESSIVE;
				CLANG_WARN_UNREACHABLE_CODE = YES;
				CLANG_WARN__DUPLICATE_METHOD_MATCH = YES;
				COPY_PHASE_STRIP = NO;
				DEBUG_INFORMATION_FORMAT = dwarf;
				ENABLE_STRICT_OBJC_MSGSEND = YES;
				ENABLE_TESTABILITY = YES;
				GCC_C_LANGUAGE_STANDARD = gnu11;
				GCC_DYNAMIC_NO_PIC = NO;
				GCC_NO_COMMON_BLOCKS = YES;
				GCC_OPTIMIZATION_LEVEL = 0;
				GCC_PREPROCESSOR_DEFINITIONS = (
					"DEBUG=1",
					"$(inherited)",
				);
				GCC_WARN_64_TO_32_BIT_CONVERSION = YES;
				GCC_WARN_ABOUT_RETURN_TYPE = YES_ERROR;
				GCC_WARN_UNDECLARED_SELECTOR = YES;
				GCC_WARN_UNINITIALIZED_AUTOS = YES_AGGRESSIVE;
				GCC_WARN_UNUSED_FUNCTION = YES;
				GCC_WARN_UNUSED_VARIABLE = YES;
				IPHONEOS_DEPLOYMENT_TARGET = 14.0;
				MTL_ENABLE_DEBUG_INFO = INCLUDE_SOURCE;
				MTL_FAST_MATH = YES;
				ONLY_ACTIVE_ARCH = YES;
				SDKROOT = iphoneos;
				SWIFT_ACTIVE_COMPILATION_CONDITIONS = DEBUG;
				SWIFT_OPTIMIZATION_LEVEL = "-Onone";
			};
			name = Debug;
		};
		08B03B7F25384AC200A96DD0 /* Release */ = {
			isa = XCBuildConfiguration;
			buildSettings = {
				ALWAYS_SEARCH_USER_PATHS = NO;
				CLANG_ANALYZER_NONNULL = YES;
				CLANG_ANALYZER_NUMBER_OBJECT_CONVERSION = YES_AGGRESSIVE;
				CLANG_CXX_LANGUAGE_STANDARD = "gnu++14";
				CLANG_CXX_LIBRARY = "libc++";
				CLANG_ENABLE_MODULES = YES;
				CLANG_ENABLE_OBJC_ARC = YES;
				CLANG_ENABLE_OBJC_WEAK = YES;
				CLANG_WARN_BLOCK_CAPTURE_AUTORELEASING = YES;
				CLANG_WARN_BOOL_CONVERSION = YES;
				CLANG_WARN_COMMA = YES;
				CLANG_WARN_CONSTANT_CONVERSION = YES;
				CLANG_WARN_DEPRECATED_OBJC_IMPLEMENTATIONS = YES;
				CLANG_WARN_DIRECT_OBJC_ISA_USAGE = YES_ERROR;
				CLANG_WARN_DOCUMENTATION_COMMENTS = YES;
				CLANG_WARN_EMPTY_BODY = YES;
				CLANG_WARN_ENUM_CONVERSION = YES;
				CLANG_WARN_INFINITE_RECURSION = YES;
				CLANG_WARN_INT_CONVERSION = YES;
				CLANG_WARN_NON_LITERAL_NULL_CONVERSION = YES;
				CLANG_WARN_OBJC_IMPLICIT_RETAIN_SELF = YES;
				CLANG_WARN_OBJC_LITERAL_CONVERSION = YES;
				CLANG_WARN_OBJC_ROOT_CLASS = YES_ERROR;
				CLANG_WARN_QUOTED_INCLUDE_IN_FRAMEWORK_HEADER = YES;
				CLANG_WARN_RANGE_LOOP_ANALYSIS = YES;
				CLANG_WARN_STRICT_PROTOTYPES = YES;
				CLANG_WARN_SUSPICIOUS_MOVE = YES;
				CLANG_WARN_UNGUARDED_AVAILABILITY = YES_AGGRESSIVE;
				CLANG_WARN_UNREACHABLE_CODE = YES;
				CLANG_WARN__DUPLICATE_METHOD_MATCH = YES;
				COPY_PHASE_STRIP = NO;
				DEBUG_INFORMATION_FORMAT = "dwarf-with-dsym";
				ENABLE_NS_ASSERTIONS = NO;
				ENABLE_STRICT_OBJC_MSGSEND = YES;
				GCC_C_LANGUAGE_STANDARD = gnu11;
				GCC_NO_COMMON_BLOCKS = YES;
				GCC_WARN_64_TO_32_BIT_CONVERSION = YES;
				GCC_WARN_ABOUT_RETURN_TYPE = YES_ERROR;
				GCC_WARN_UNDECLARED_SELECTOR = YES;
				GCC_WARN_UNINITIALIZED_AUTOS = YES_AGGRESSIVE;
				GCC_WARN_UNUSED_FUNCTION = YES;
				GCC_WARN_UNUSED_VARIABLE = YES;
				IPHONEOS_DEPLOYMENT_TARGET = 14.0;
				MTL_ENABLE_DEBUG_INFO = NO;
				MTL_FAST_MATH = YES;
				SDKROOT = iphoneos;
				SWIFT_COMPILATION_MODE = wholemodule;
				SWIFT_OPTIMIZATION_LEVEL = "-O";
				VALIDATE_PRODUCT = YES;
			};
			name = Release;
		};
		08B03B8125384AC200A96DD0 /* Debug */ = {
			isa = XCBuildConfiguration;
			buildSettings = {
				ALWAYS_EMBED_SWIFT_STANDARD_LIBRARIES = YES;
				ASSETCATALOG_COMPILER_APPICON_NAME = AppIcon;
				ASSETCATALOG_COMPILER_GLOBAL_ACCENT_COLOR_NAME = AccentColor;
				CODE_SIGN_STYLE = Automatic;
				DEVELOPMENT_ASSET_PATHS = "\"WidgetApp/Preview Content\"";
				ENABLE_PREVIEWS = YES;
				INFOPLIST_FILE = WidgetApp/Info.plist;
				IPHONEOS_DEPLOYMENT_TARGET = 14.0;
				LD_RUNPATH_SEARCH_PATHS = (
					"$(inherited)",
					"@executable_path/Frameworks",
				);
				PRODUCT_BUNDLE_IDENTIFIER = com.rakshithn.widget.WidgetApp;
				PRODUCT_NAME = "$(TARGET_NAME)";
				SWIFT_VERSION = 5.0;
				TARGETED_DEVICE_FAMILY = "1,2";
			};
			name = Debug;
		};
		08B03B8225384AC200A96DD0 /* Release */ = {
			isa = XCBuildConfiguration;
			buildSettings = {
				ALWAYS_EMBED_SWIFT_STANDARD_LIBRARIES = YES;
				ASSETCATALOG_COMPILER_APPICON_NAME = AppIcon;
				ASSETCATALOG_COMPILER_GLOBAL_ACCENT_COLOR_NAME = AccentColor;
				CODE_SIGN_STYLE = Automatic;
				DEVELOPMENT_ASSET_PATHS = "\"WidgetApp/Preview Content\"";
				ENABLE_PREVIEWS = YES;
				INFOPLIST_FILE = WidgetApp/Info.plist;
				IPHONEOS_DEPLOYMENT_TARGET = 14.0;
				LD_RUNPATH_SEARCH_PATHS = (
					"$(inherited)",
					"@executable_path/Frameworks",
				);
				PRODUCT_BUNDLE_IDENTIFIER = com.rakshithn.widget.WidgetApp;
				PRODUCT_NAME = "$(TARGET_NAME)";
				SWIFT_VERSION = 5.0;
				TARGETED_DEVICE_FAMILY = "1,2";
			};
			name = Release;
		};
		08B03B9825384C6E00A96DD0 /* Debug */ = {
			isa = XCBuildConfiguration;
			buildSettings = {
				ASSETCATALOG_COMPILER_GLOBAL_ACCENT_COLOR_NAME = AccentColor;
				ASSETCATALOG_COMPILER_WIDGET_BACKGROUND_COLOR_NAME = WidgetBackground;
				CODE_SIGN_STYLE = Automatic;
				INFOPLIST_FILE = "Static Widget/Info.plist";
				LD_RUNPATH_SEARCH_PATHS = (
					"$(inherited)",
					"@executable_path/Frameworks",
					"@executable_path/../../Frameworks",
				);
				PRODUCT_BUNDLE_IDENTIFIER = "com.rakshithn.widget.WidgetApp.Static-Widget";
				PRODUCT_NAME = "$(TARGET_NAME)";
				SKIP_INSTALL = YES;
				SWIFT_VERSION = 5.0;
				TARGETED_DEVICE_FAMILY = "1,2";
			};
			name = Debug;
		};
		08B03B9925384C6E00A96DD0 /* Release */ = {
			isa = XCBuildConfiguration;
			buildSettings = {
				ASSETCATALOG_COMPILER_GLOBAL_ACCENT_COLOR_NAME = AccentColor;
				ASSETCATALOG_COMPILER_WIDGET_BACKGROUND_COLOR_NAME = WidgetBackground;
				CODE_SIGN_STYLE = Automatic;
				INFOPLIST_FILE = "Static Widget/Info.plist";
				LD_RUNPATH_SEARCH_PATHS = (
					"$(inherited)",
					"@executable_path/Frameworks",
					"@executable_path/../../Frameworks",
				);
				PRODUCT_BUNDLE_IDENTIFIER = "com.rakshithn.widget.WidgetApp.Static-Widget";
				PRODUCT_NAME = "$(TARGET_NAME)";
				SKIP_INSTALL = YES;
				SWIFT_VERSION = 5.0;
				TARGETED_DEVICE_FAMILY = "1,2";
			};
			name = Release;
		};
/* End XCBuildConfiguration section */

/* Begin XCConfigurationList section */
		08B03B6C25384AC000A96DD0 /* Build configuration list for PBXProject "WidgetApp" */ = {
			isa = XCConfigurationList;
			buildConfigurations = (
				08B03B7E25384AC200A96DD0 /* Debug */,
				08B03B7F25384AC200A96DD0 /* Release */,
			);
			defaultConfigurationIsVisible = 0;
			defaultConfigurationName = Release;
		};
		08B03B8025384AC200A96DD0 /* Build configuration list for PBXNativeTarget "WidgetApp" */ = {
			isa = XCConfigurationList;
			buildConfigurations = (
				08B03B8125384AC200A96DD0 /* Debug */,
				08B03B8225384AC200A96DD0 /* Release */,
			);
			defaultConfigurationIsVisible = 0;
			defaultConfigurationName = Release;
		};
		08B03B9725384C6E00A96DD0 /* Build configuration list for PBXNativeTarget "Static WidgetExtension" */ = {
			isa = XCConfigurationList;
			buildConfigurations = (
				08B03B9825384C6E00A96DD0 /* Debug */,
				08B03B9925384C6E00A96DD0 /* Release */,
			);
			defaultConfigurationIsVisible = 0;
			defaultConfigurationName = Release;
		};
/* End XCConfigurationList section */
	};
	rootObject = 08B03B6925384AC000A96DD0 /* Project object */;
}
